
Microsoft Visual Studio Solution File, Format Version 12.00
# Visual Studio Version 17
VisualStudioVersion = 17.0.32014.148
MinimumVisualStudioVersion = 10.0.40219.1
Project("{2150E333-8FDC-42A3-9474-1A3956D46DE8}") = "Catalog", "Catalog", "{A6C42BDD-4E77-420F-BE3A-ADF9AAC24F29}"
EndProject
Project("{9A19103F-16F7-4668-BE54-9A1E7A4F7556}") = "Catalog.API", "Services\Catalog\Catalog.API\Catalog.API.csproj", "{B64DB791-D491-4E5A-8590-27934F42EBEC}"
EndProject
Project("{E53339B2-1760-4266-BCC7-CA923CBCF16C}") = "docker-compose", "docker-compose.dcproj", "{A544A529-FCB1-41A1-B4FE-543681393121}"
EndProject
Project("{2150E333-8FDC-42A3-9474-1A3956D46DE8}") = "Services", "Services", "{C7A7A415-D1EF-47B5-821A-0C3FB3F1CF6D}"
EndProject
Project("{2150E333-8FDC-42A3-9474-1A3956D46DE8}") = "Basket", "Basket", "{A9F5607E-85EC-4B90-AEEE-5E4E937FC532}"
EndProject
Project("{9A19103F-16F7-4668-BE54-9A1E7A4F7556}") = "Basket.API", "Services\Basket\Basket.API\Basket.API.csproj", "{40CD68B6-87EA-45B0-98A7-A593AF178968}"
EndProject
Project("{2150E333-8FDC-42A3-9474-1A3956D46DE8}") = "Discount", "Discount", "{43D910A7-1C76-4CDB-8E25-4A0123CC0A05}"
EndProject
Project("{9A19103F-16F7-4668-BE54-9A1E7A4F7556}") = "Discount.API", "Services\Discount\Discount.API\Discount.API.csproj", "{899645A9-DA5D-4F7D-BC4D-B0A852AE969C}"
EndProject
Project("{9A19103F-16F7-4668-BE54-9A1E7A4F7556}") = "Discount.Grpc", "Services\Discount\Discount.Grpc\Discount.Grpc\Discount.Grpc.csproj", "{72229D68-406B-417E-AFE1-D9D66ACB0109}"
EndProject
Project("{2150E333-8FDC-42A3-9474-1A3956D46DE8}") = "Ordering", "Ordering", "{DE381E97-D413-481B-9BDD-A4328C1E58A0}"
EndProject
Project("{FAE04EC0-301F-11D3-BF4B-00C04F79EFBC}") = "Ordering.Domain", "Services\Ordering\Ordering.Domain\Ordering.Domain.csproj", "{624F0595-3973-4BC2-9068-D08B755B3ED2}"
EndProject
Project("{FAE04EC0-301F-11D3-BF4B-00C04F79EFBC}") = "Ordering.API", "Services\Ordering\Ordering.API\Ordering.API.csproj", "{A694293A-0D3D-4843-9EEA-40213165ACFC}"
EndProject
Project("{FAE04EC0-301F-11D3-BF4B-00C04F79EFBC}") = "Ordering.Application", "Services\Ordering\Ordering.Application\Ordering.Application.csproj", "{EF24CFD7-5ECC-45A0-9703-D93497790383}"
EndProject
Project("{FAE04EC0-301F-11D3-BF4B-00C04F79EFBC}") = "Ordering.Infrastructure", "Services\Ordering\Ordering.Infrastructure\Ordering.Infrastructure.csproj", "{B6F581FF-AAF7-4EDB-9A8F-F5AC285B36F0}"
EndProject
Global
	GlobalSection(SolutionConfigurationPlatforms) = preSolution
		Debug|Any CPU = Debug|Any CPU
		Release|Any CPU = Release|Any CPU
	EndGlobalSection
	GlobalSection(ProjectConfigurationPlatforms) = postSolution
		{B64DB791-D491-4E5A-8590-27934F42EBEC}.Debug|Any CPU.ActiveCfg = Debug|Any CPU
		{B64DB791-D491-4E5A-8590-27934F42EBEC}.Debug|Any CPU.Build.0 = Debug|Any CPU
		{B64DB791-D491-4E5A-8590-27934F42EBEC}.Release|Any CPU.ActiveCfg = Release|Any CPU
		{B64DB791-D491-4E5A-8590-27934F42EBEC}.Release|Any CPU.Build.0 = Release|Any CPU
		{A544A529-FCB1-41A1-B4FE-543681393121}.Debug|Any CPU.ActiveCfg = Debug|Any CPU
		{A544A529-FCB1-41A1-B4FE-543681393121}.Debug|Any CPU.Build.0 = Debug|Any CPU
		{A544A529-FCB1-41A1-B4FE-543681393121}.Release|Any CPU.ActiveCfg = Release|Any CPU
		{A544A529-FCB1-41A1-B4FE-543681393121}.Release|Any CPU.Build.0 = Release|Any CPU
		{40CD68B6-87EA-45B0-98A7-A593AF178968}.Debug|Any CPU.ActiveCfg = Debug|Any CPU
		{40CD68B6-87EA-45B0-98A7-A593AF178968}.Debug|Any CPU.Build.0 = Debug|Any CPU
		{40CD68B6-87EA-45B0-98A7-A593AF178968}.Release|Any CPU.ActiveCfg = Release|Any CPU
		{40CD68B6-87EA-45B0-98A7-A593AF178968}.Release|Any CPU.Build.0 = Release|Any CPU
		{899645A9-DA5D-4F7D-BC4D-B0A852AE969C}.Debug|Any CPU.ActiveCfg = Debug|Any CPU
		{899645A9-DA5D-4F7D-BC4D-B0A852AE969C}.Debug|Any CPU.Build.0 = Debug|Any CPU
		{899645A9-DA5D-4F7D-BC4D-B0A852AE969C}.Release|Any CPU.ActiveCfg = Release|Any CPU
		{899645A9-DA5D-4F7D-BC4D-B0A852AE969C}.Release|Any CPU.Build.0 = Release|Any CPU
		{72229D68-406B-417E-AFE1-D9D66ACB0109}.Debug|Any CPU.ActiveCfg = Debug|Any CPU
		{72229D68-406B-417E-AFE1-D9D66ACB0109}.Debug|Any CPU.Build.0 = Debug|Any CPU
		{72229D68-406B-417E-AFE1-D9D66ACB0109}.Release|Any CPU.ActiveCfg = Release|Any CPU
		{72229D68-406B-417E-AFE1-D9D66ACB0109}.Release|Any CPU.Build.0 = Release|Any CPU
		{624F0595-3973-4BC2-9068-D08B755B3ED2}.Debug|Any CPU.ActiveCfg = Debug|Any CPU
		{624F0595-3973-4BC2-9068-D08B755B3ED2}.Debug|Any CPU.Build.0 = Debug|Any CPU
		{624F0595-3973-4BC2-9068-D08B755B3ED2}.Release|Any CPU.ActiveCfg = Release|Any CPU
		{624F0595-3973-4BC2-9068-D08B755B3ED2}.Release|Any CPU.Build.0 = Release|Any CPU
		{A694293A-0D3D-4843-9EEA-40213165ACFC}.Debug|Any CPU.ActiveCfg = Debug|Any CPU
		{A694293A-0D3D-4843-9EEA-40213165ACFC}.Debug|Any CPU.Build.0 = Debug|Any CPU
		{A694293A-0D3D-4843-9EEA-40213165ACFC}.Release|Any CPU.ActiveCfg = Release|Any CPU
		{A694293A-0D3D-4843-9EEA-40213165ACFC}.Release|Any CPU.Build.0 = Release|Any CPU
		{EF24CFD7-5ECC-45A0-9703-D93497790383}.Debug|Any CPU.ActiveCfg = Debug|Any CPU
		{EF24CFD7-5ECC-45A0-9703-D93497790383}.Debug|Any CPU.Build.0 = Debug|Any CPU
		{EF24CFD7-5ECC-45A0-9703-D93497790383}.Release|Any CPU.ActiveCfg = Release|Any CPU
		{EF24CFD7-5ECC-45A0-9703-D93497790383}.Release|Any CPU.Build.0 = Release|Any CPU
		{B6F581FF-AAF7-4EDB-9A8F-F5AC285B36F0}.Debug|Any CPU.ActiveCfg = Debug|Any CPU
		{B6F581FF-AAF7-4EDB-9A8F-F5AC285B36F0}.Debug|Any CPU.Build.0 = Debug|Any CPU
		{B6F581FF-AAF7-4EDB-9A8F-F5AC285B36F0}.Release|Any CPU.ActiveCfg = Release|Any CPU
		{B6F581FF-AAF7-4EDB-9A8F-F5AC285B36F0}.Release|Any CPU.Build.0 = Release|Any CPU
	EndGlobalSection
	GlobalSection(SolutionProperties) = preSolution
		HideSolutionNode = FALSE
	EndGlobalSection
	GlobalSection(NestedProjects) = preSolution
		{A6C42BDD-4E77-420F-BE3A-ADF9AAC24F29} = {C7A7A415-D1EF-47B5-821A-0C3FB3F1CF6D}
		{B64DB791-D491-4E5A-8590-27934F42EBEC} = {A6C42BDD-4E77-420F-BE3A-ADF9AAC24F29}
		{A9F5607E-85EC-4B90-AEEE-5E4E937FC532} = {C7A7A415-D1EF-47B5-821A-0C3FB3F1CF6D}
		{40CD68B6-87EA-45B0-98A7-A593AF178968} = {A9F5607E-85EC-4B90-AEEE-5E4E937FC532}
		{43D910A7-1C76-4CDB-8E25-4A0123CC0A05} = {C7A7A415-D1EF-47B5-821A-0C3FB3F1CF6D}
		{899645A9-DA5D-4F7D-BC4D-B0A852AE969C} = {43D910A7-1C76-4CDB-8E25-4A0123CC0A05}
		{72229D68-406B-417E-AFE1-D9D66ACB0109} = {43D910A7-1C76-4CDB-8E25-4A0123CC0A05}
		{DE381E97-D413-481B-9BDD-A4328C1E58A0} = {C7A7A415-D1EF-47B5-821A-0C3FB3F1CF6D}
		{624F0595-3973-4BC2-9068-D08B755B3ED2} = {DE381E97-D413-481B-9BDD-A4328C1E58A0}
		{A694293A-0D3D-4843-9EEA-40213165ACFC} = {DE381E97-D413-481B-9BDD-A4328C1E58A0}
		{EF24CFD7-5ECC-45A0-9703-D93497790383} = {DE381E97-D413-481B-9BDD-A4328C1E58A0}
		{B6F581FF-AAF7-4EDB-9A8F-F5AC285B36F0} = {DE381E97-D413-481B-9BDD-A4328C1E58A0}
	EndGlobalSection
	GlobalSection(ExtensibilityGlobals) = postSolution
		SolutionGuid = {3B09CF05-A0E1-4A72-BFCB-951EB4E6FD1F}
	EndGlobalSection
EndGlobal
